// !$*UTF8*$!
{
	archiveVersion = 1;
	classes = {
	};
	objectVersion = 50;
	objects = {

/* Begin PBXBuildFile section */
		ED79DAE6270460F80062FA4E /* TabBar.storyboard in Resources */ = {isa = PBXBuildFile; fileRef = ED79DAE5270460F80062FA4E /* TabBar.storyboard */; };
		ED79DAE827047B2C0062FA4E /* CartViewController.swift in Sources */ = {isa = PBXBuildFile; fileRef = ED79DAE727047B2C0062FA4E /* CartViewController.swift */; };
		EDA4735D2703A1C600A30763 /* TextInput.swift in Sources */ = {isa = PBXBuildFile; fileRef = EDA4735A2703A1C600A30763 /* TextInput.swift */; };
		EDA4735E2703A1C600A30763 /* LoadingButton.swift in Sources */ = {isa = PBXBuildFile; fileRef = EDA4735B2703A1C600A30763 /* LoadingButton.swift */; };
		EDA4735F2703A1C600A30763 /* TextInput.xib in Resources */ = {isa = PBXBuildFile; fileRef = EDA4735C2703A1C600A30763 /* TextInput.xib */; };
		EDEE089D2701B86F00182BAA /* AppDelegate.swift in Sources */ = {isa = PBXBuildFile; fileRef = EDEE089C2701B86F00182BAA /* AppDelegate.swift */; };
		EDEE08A12701B86F00182BAA /* ViewController.swift in Sources */ = {isa = PBXBuildFile; fileRef = EDEE08A02701B86F00182BAA /* ViewController.swift */; };
		EDEE08A42701B86F00182BAA /* Main.storyboard in Resources */ = {isa = PBXBuildFile; fileRef = EDEE08A22701B86F00182BAA /* Main.storyboard */; };
		EDEE08A62701B87400182BAA /* Assets.xcassets in Resources */ = {isa = PBXBuildFile; fileRef = EDEE08A52701B87400182BAA /* Assets.xcassets */; };
		EDEE08A92701B87400182BAA /* LaunchScreen.storyboard in Resources */ = {isa = PBXBuildFile; fileRef = EDEE08A72701B87400182BAA /* LaunchScreen.storyboard */; };
/* End PBXBuildFile section */

/* Begin PBXFileReference section */
		ED79DAE5270460F80062FA4E /* TabBar.storyboard */ = {isa = PBXFileReference; lastKnownFileType = file.storyboard; path = TabBar.storyboard; sourceTree = "<group>"; };
		ED79DAE727047B2C0062FA4E /* CartViewController.swift */ = {isa = PBXFileReference; lastKnownFileType = sourcecode.swift; path = CartViewController.swift; sourceTree = "<group>"; };
		EDA4735A2703A1C600A30763 /* TextInput.swift */ = {isa = PBXFileReference; fileEncoding = 4; lastKnownFileType = sourcecode.swift; path = TextInput.swift; sourceTree = "<group>"; };
		EDA4735B2703A1C600A30763 /* LoadingButton.swift */ = {isa = PBXFileReference; fileEncoding = 4; lastKnownFileType = sourcecode.swift; path = LoadingButton.swift; sourceTree = "<group>"; };
		EDA4735C2703A1C600A30763 /* TextInput.xib */ = {isa = PBXFileReference; fileEncoding = 4; lastKnownFileType = file.xib; path = TextInput.xib; sourceTree = "<group>"; };
		EDEE08992701B86F00182BAA /* OnlineShop.app */ = {isa = PBXFileReference; explicitFileType = wrapper.application; includeInIndex = 0; path = OnlineShop.app; sourceTree = BUILT_PRODUCTS_DIR; };
		EDEE089C2701B86F00182BAA /* AppDelegate.swift */ = {isa = PBXFileReference; lastKnownFileType = sourcecode.swift; path = AppDelegate.swift; sourceTree = "<group>"; };
		EDEE08A02701B86F00182BAA /* ViewController.swift */ = {isa = PBXFileReference; lastKnownFileType = sourcecode.swift; path = ViewController.swift; sourceTree = "<group>"; };
		EDEE08A32701B86F00182BAA /* Base */ = {isa = PBXFileReference; lastKnownFileType = file.storyboard; name = Base; path = Base.lproj/Main.storyboard; sourceTree = "<group>"; };
		EDEE08A52701B87400182BAA /* Assets.xcassets */ = {isa = PBXFileReference; lastKnownFileType = folder.assetcatalog; path = Assets.xcassets; sourceTree = "<group>"; };
		EDEE08A82701B87400182BAA /* Base */ = {isa = PBXFileReference; lastKnownFileType = file.storyboard; name = Base; path = Base.lproj/LaunchScreen.storyboard; sourceTree = "<group>"; };
		EDEE08AA2701B87400182BAA /* Info.plist */ = {isa = PBXFileReference; lastKnownFileType = text.plist.xml; path = Info.plist; sourceTree = "<group>"; };
/* End PBXFileReference section */

/* Begin PBXFrameworksBuildPhase section */
		EDEE08962701B86F00182BAA /* Frameworks */ = {
			isa = PBXFrameworksBuildPhase;
			buildActionMask = 2147483647;
			files = (
			);
			runOnlyForDeploymentPostprocessing = 0;
		};
/* End PBXFrameworksBuildPhase section */

/* Begin PBXGroup section */
		EDEE08902701B86F00182BAA = {
			isa = PBXGroup;
			children = (
				EDEE089B2701B86F00182BAA /* OnlineShop */,
				EDEE089A2701B86F00182BAA /* Products */,
			);
			sourceTree = "<group>";
		};
		EDEE089A2701B86F00182BAA /* Products */ = {
			isa = PBXGroup;
			children = (
				EDEE08992701B86F00182BAA /* OnlineShop.app */,
			);
			name = Products;
			sourceTree = "<group>";
		};
		EDEE089B2701B86F00182BAA /* OnlineShop */ = {
			isa = PBXGroup;
			children = (
				EDA4735B2703A1C600A30763 /* LoadingButton.swift */,
				EDA4735A2703A1C600A30763 /* TextInput.swift */,
				EDA4735C2703A1C600A30763 /* TextInput.xib */,
				EDEE089C2701B86F00182BAA /* AppDelegate.swift */,
				EDEE08A02701B86F00182BAA /* ViewController.swift */,
				EDEE08A22701B86F00182BAA /* Main.storyboard */,
				EDEE08A52701B87400182BAA /* Assets.xcassets */,
				EDEE08A72701B87400182BAA /* LaunchScreen.storyboard */,
				EDEE08AA2701B87400182BAA /* Info.plist */,
				ED79DAE5270460F80062FA4E /* TabBar.storyboard */,
				ED79DAE727047B2C0062FA4E /* CartViewController.swift */,
			);
			path = OnlineShop;
			sourceTree = "<group>";
		};
/* End PBXGroup section */

/* Begin PBXNativeTarget section */
		EDEE08982701B86F00182BAA /* OnlineShop */ = {
			isa = PBXNativeTarget;
			buildConfigurationList = EDEE08AD2701B87400182BAA /* Build configuration list for PBXNativeTarget "OnlineShop" */;
			buildPhases = (
				EDEE08952701B86F00182BAA /* Sources */,
				EDEE08962701B86F00182BAA /* Frameworks */,
				EDEE08972701B86F00182BAA /* Resources */,
			);
			buildRules = (
			);
			dependencies = (
			);
			name = OnlineShop;
			productName = OnlineShop;
			productReference = EDEE08992701B86F00182BAA /* OnlineShop.app */;
			productType = "com.apple.product-type.application";
		};
/* End PBXNativeTarget section */

/* Begin PBXProject section */
		EDEE08912701B86F00182BAA /* Project object */ = {
			isa = PBXProject;
			attributes = {
				LastSwiftUpdateCheck = 1250;
				LastUpgradeCheck = 1250;
				TargetAttributes = {
					EDEE08982701B86F00182BAA = {
						CreatedOnToolsVersion = 12.5.1;
					};
				};
			};
			buildConfigurationList = EDEE08942701B86F00182BAA /* Build configuration list for PBXProject "OnlineShop" */;
			compatibilityVersion = "Xcode 9.3";
			developmentRegion = en;
			hasScannedForEncodings = 0;
			knownRegions = (
				en,
				Base,
			);
			mainGroup = EDEE08902701B86F00182BAA;
			productRefGroup = EDEE089A2701B86F00182BAA /* Products */;
			projectDirPath = "";
			projectRoot = "";
			targets = (
				EDEE08982701B86F00182BAA /* OnlineShop */,
			);
		};
/* End PBXProject section */

/* Begin PBXResourcesBuildPhase section */
		EDEE08972701B86F00182BAA /* Resources */ = {
			isa = PBXResourcesBuildPhase;
			buildActionMask = 2147483647;
			files = (
				ED79DAE6270460F80062FA4E /* TabBar.storyboard in Resources */,
				EDEE08A92701B87400182BAA /* LaunchScreen.storyboard in Resources */,
				EDEE08A62701B87400182BAA /* Assets.xcassets in Resources */,
				EDEE08A42701B86F00182BAA /* Main.storyboard in Resources */,
				EDA4735F2703A1C600A30763 /* TextInput.xib in Resources */,
			);
			runOnlyForDeploymentPostprocessing = 0;
		};
/* End PBXResourcesBuildPhase section */

/* Begin PBXSourcesBuildPhase section */
		EDEE08952701B86F00182BAA /* Sources */ = {
			isa = PBXSourcesBuildPhase;
			buildActionMask = 2147483647;
			files = (
				EDA4735E2703A1C600A30763 /* LoadingButton.swift in Sources */,
				EDEE08A12701B86F00182BAA /* ViewController.swift in Sources */,
				ED79DAE827047B2C0062FA4E /* CartViewController.swift in Sources */,
				EDEE089D2701B86F00182BAA /* AppDelegate.swift in Sources */,
				EDA4735D2703A1C600A30763 /* TextInput.swift in Sources */,
			);
			runOnlyForDeploymentPostprocessing = 0;
		};
/* End PBXSourcesBuildPhase section */

/* Begin PBXVariantGroup section */
		EDEE08A22701B86F00182BAA /* Main.storyboard */ = {
			isa = PBXVariantGroup;
			children = (
				EDEE08A32701B86F00182BAA /* Base */,
			);
			name = Main.storyboard;
			sourceTree = "<group>";
		};
		EDEE08A72701B87400182BAA /* LaunchScreen.storyboard */ = {
			isa = PBXVariantGroup;
			children = (
				EDEE08A82701B87400182BAA /* Base */,
			);
			name = LaunchScreen.storyboard;
			sourceTree = "<group>";
		};
/* End PBXVariantGroup section */

/* Begin XCBuildConfiguration section */
		EDEE08AB2701B87400182BAA /* Debug */ = {
			isa = XCBuildConfiguration;
			buildSettings = {
				ALWAYS_SEARCH_USER_PATHS = NO;
				CLANG_ANALYZER_NONNULL = YES;
				CLANG_ANALYZER_NUMBER_OBJECT_CONVERSION = YES_AGGRESSIVE;
				CLANG_CXX_LANGUAGE_STANDARD = "gnu++14";
				CLANG_CXX_LIBRARY = "libc++";
				CLANG_ENABLE_MODULES = YES;
				CLANG_ENABLE_OBJC_ARC = YES;
				CLANG_ENABLE_OBJC_WEAK = YES;
				CLANG_WARN_BLOCK_CAPTURE_AUTORELEASING = YES;
				CLANG_WARN_BOOL_CONVERSION = YES;
				CLANG_WARN_COMMA = YES;
				CLANG_WARN_CONSTANT_CONVERSION = YES;
				CLANG_WARN_DEPRECATED_OBJC_IMPLEMENTATIONS = YES;
				CLANG_WARN_DIRECT_OBJC_ISA_USAGE = YES_ERROR;
				CLANG_WARN_DOCUMENTATION_COMMENTS = YES;
				CLANG_WARN_EMPTY_BODY = YES;
				CLANG_WARN_ENUM_CONVERSION = YES;
				CLANG_WARN_INFINITE_RECURSION = YES;
				CLANG_WARN_INT_CONVERSION = YES;
				CLANG_WARN_NON_LITERAL_NULL_CONVERSION = YES;
				CLANG_WARN_OBJC_IMPLICIT_RETAIN_SELF = YES;
				CLANG_WARN_OBJC_LITERAL_CONVERSION = YES;
				CLANG_WARN_OBJC_ROOT_CLASS = YES_ERROR;
				CLANG_WARN_QUOTED_INCLUDE_IN_FRAMEWORK_HEADER = YES;
				CLANG_WARN_RANGE_LOOP_ANALYSIS = YES;
				CLANG_WARN_STRICT_PROTOTYPES = YES;
				CLANG_WARN_SUSPICIOUS_MOVE = YES;
				CLANG_WARN_UNGUARDED_AVAILABILITY = YES_AGGRESSIVE;
				CLANG_WARN_UNREACHABLE_CODE = YES;
				CLANG_WARN__DUPLICATE_METHOD_MATCH = YES;
				COPY_PHASE_STRIP = NO;
				DEBUG_INFORMATION_FORMAT = dwarf;
				ENABLE_STRICT_OBJC_MSGSEND = YES;
				ENABLE_TESTABILITY = YES;
				GCC_C_LANGUAGE_STANDARD = gnu11;
				GCC_DYNAMIC_NO_PIC = NO;
				GCC_NO_COMMON_BLOCKS = YES;
				GCC_OPTIMIZATION_LEVEL = 0;
				GCC_PREPROCESSOR_DEFINITIONS = (
					"DEBUG=1",
					"$(inherited)",
				);
				GCC_WARN_64_TO_32_BIT_CONVERSION = YES;
				GCC_WARN_ABOUT_RETURN_TYPE = YES_ERROR;
				GCC_WARN_UNDECLARED_SELECTOR = YES;
				GCC_WARN_UNINITIALIZED_AUTOS = YES_AGGRESSIVE;
				GCC_WARN_UNUSED_FUNCTION = YES;
				GCC_WARN_UNUSED_VARIABLE = YES;
				IPHONEOS_DEPLOYMENT_TARGET = 14.5;
				MTL_ENABLE_DEBUG_INFO = INCLUDE_SOURCE;
				MTL_FAST_MATH = YES;
				ONLY_ACTIVE_ARCH = YES;
				SDKROOT = iphoneos;
				SWIFT_ACTIVE_COMPILATION_CONDITIONS = DEBUG;
				SWIFT_OPTIMIZATION_LEVEL = "-Onone";
			};
			name = Debug;
		};
		EDEE08AC2701B87400182BAA /* Release */ = {
			isa = XCBuildConfiguration;
			buildSettings = {
				ALWAYS_SEARCH_USER_PATHS = NO;
				CLANG_ANALYZER_NONNULL = YES;
				CLANG_ANALYZER_NUMBER_OBJECT_CONVERSION = YES_AGGRESSIVE;
				CLANG_CXX_LANGUAGE_STANDARD = "gnu++14";
				CLANG_CXX_LIBRARY = "libc++";
				CLANG_ENABLE_MODULES = YES;
				CLANG_ENABLE_OBJC_ARC = YES;
				CLANG_ENABLE_OBJC_WEAK = YES;
				CLANG_WARN_BLOCK_CAPTURE_AUTORELEASING = YES;
				CLANG_WARN_BOOL_CONVERSION = YES;
				CLANG_WARN_COMMA = YES;
				CLANG_WARN_CONSTANT_CONVERSION = YES;
				CLANG_WARN_DEPRECATED_OBJC_IMPLEMENTATIONS = YES;
				CLANG_WARN_DIRECT_OBJC_ISA_USAGE = YES_ERROR;
				CLANG_WARN_DOCUMENTATION_COMMENTS = YES;
				CLANG_WARN_EMPTY_BODY = YES;
				CLANG_WARN_ENUM_CONVERSION = YES;
				CLANG_WARN_INFINITE_RECURSION = YES;
				CLANG_WARN_INT_CONVERSION = YES;
				CLANG_WARN_NON_LITERAL_NULL_CONVERSION = YES;
				CLANG_WARN_OBJC_IMPLICIT_RETAIN_SELF = YES;
				CLANG_WARN_OBJC_LITERAL_CONVERSION = YES;
				CLANG_WARN_OBJC_ROOT_CLASS = YES_ERROR;
				CLANG_WARN_QUOTED_INCLUDE_IN_FRAMEWORK_HEADER = YES;
				CLANG_WARN_RANGE_LOOP_ANALYSIS = YES;
				CLANG_WARN_STRICT_PROTOTYPES = YES;
				CLANG_WARN_SUSPICIOUS_MOVE = YES;
				CLANG_WARN_UNGUARDED_AVAILABILITY = YES_AGGRESSIVE;
				CLANG_WARN_UNREACHABLE_CODE = YES;
				CLANG_WARN__DUPLICATE_METHOD_MATCH = YES;
				COPY_PHASE_STRIP = NO;
				DEBUG_INFORMATION_FORMAT = "dwarf-with-dsym";
				ENABLE_NS_ASSERTIONS = NO;
				ENABLE_STRICT_OBJC_MSGSEND = YES;
				GCC_C_LANGUAGE_STANDARD = gnu11;
				GCC_NO_COMMON_BLOCKS = YES;
				GCC_WARN_64_TO_32_BIT_CONVERSION = YES;
				GCC_WARN_ABOUT_RETURN_TYPE = YES_ERROR;
				GCC_WARN_UNDECLARED_SELECTOR = YES;
				GCC_WARN_UNINITIALIZED_AUTOS = YES_AGGRESSIVE;
				GCC_WARN_UNUSED_FUNCTION = YES;
				GCC_WARN_UNUSED_VARIABLE = YES;
				IPHONEOS_DEPLOYMENT_TARGET = 14.5;
				MTL_ENABLE_DEBUG_INFO = NO;
				MTL_FAST_MATH = YES;
				SDKROOT = iphoneos;
				SWIFT_COMPILATION_MODE = wholemodule;
				SWIFT_OPTIMIZATION_LEVEL = "-O";
				VALIDATE_PRODUCT = YES;
			};
			name = Release;
		};
		EDEE08AE2701B87400182BAA /* Debug */ = {
			isa = XCBuildConfiguration;
			buildSettings = {
				ASSETCATALOG_COMPILER_APPICON_NAME = AppIcon;
				ASSETCATALOG_COMPILER_GLOBAL_ACCENT_COLOR_NAME = AccentColor;
				CODE_SIGN_STYLE = Automatic;
				INFOPLIST_FILE = OnlineShop/Info.plist;
				LD_RUNPATH_SEARCH_PATHS = (
					"$(inherited)",
					"@executable_path/Frameworks",
				);
				PRODUCT_BUNDLE_IDENTIFIER = edu.self.OnlineShop;
				PRODUCT_NAME = "$(TARGET_NAME)";
				SWIFT_VERSION = 5.0;
				TARGETED_DEVICE_FAMILY = "1,2";
			};
			name = Debug;
		};
		EDEE08AF2701B87400182BAA /* Release */ = {
			isa = XCBuildConfiguration;
			buildSettings = {
				ASSETCATALOG_COMPILER_APPICON_NAME = AppIcon;
				ASSETCATALOG_COMPILER_GLOBAL_ACCENT_COLOR_NAME = AccentColor;
				CODE_SIGN_STYLE = Automatic;
				INFOPLIST_FILE = OnlineShop/Info.plist;
				LD_RUNPATH_SEARCH_PATHS = (
					"$(inherited)",
					"@executable_path/Frameworks",
				);
				PRODUCT_BUNDLE_IDENTIFIER = edu.self.OnlineShop;
				PRODUCT_NAME = "$(TARGET_NAME)";
				SWIFT_VERSION = 5.0;
				TARGETED_DEVICE_FAMILY = "1,2";
			};
			name = Release;
		};
/* End XCBuildConfiguration section */

/* Begin XCConfigurationList section */
		EDEE08942701B86F00182BAA /* Build configuration list for PBXProject "OnlineShop" */ = {
			isa = XCConfigurationList;
			buildConfigurations = (
				EDEE08AB2701B87400182BAA /* Debug */,
				EDEE08AC2701B87400182BAA /* Release */,
			);
			defaultConfigurationIsVisible = 0;
			defaultConfigurationName = Release;
		};
		EDEE08AD2701B87400182BAA /* Build configuration list for PBXNativeTarget "OnlineShop" */ = {
			isa = XCConfigurationList;
			buildConfigurations = (
				EDEE08AE2701B87400182BAA /* Debug */,
				EDEE08AF2701B87400182BAA /* Release */,
			);
			defaultConfigurationIsVisible = 0;
			defaultConfigurationName = Release;
		};
/* End XCConfigurationList section */
	};
	rootObject = EDEE08912701B86F00182BAA /* Project object */;
}
